Microsoft Visual Studio Solution File, Format Version 12.00
# Visual Studio Version 17
VisualStudioVersion = 17.5.2.0
MinimumVisualStudioVersion = 10.0.40219.1
Project("{FAE04EC0-301F-11D3-BF4B-00C04F79EFBC}") = "SistemaCarcel", "SistemaCarcel.csproj", "{6308B806-DEBA-6579-8461-BABF1A494749}"
EndProject
Global
	GlobalSection(SolutionConfigurationPlatforms) = preSolution
		Debug|Any CPU = Debug|Any CPU
		Release|Any CPU = Release|Any CPU
	EndGlobalSection
	GlobalSection(ProjectConfigurationPlatforms) = postSolution
		{6308B806-DEBA-6579-8461-BABF1A494749}.Debug|Any CPU.ActiveCfg = Debug|Any CPU
		{6308B806-DEBA-6579-8461-BABF1A494749}.Debug|Any CPU.Build.0 = Debug|Any CPU
		{6308B806-DEBA-6579-8461-BABF1A494749}.Release|Any CPU.ActiveCfg = Release|Any CPU
		{6308B806-DEBA-6579-8461-BABF1A494749}.Release|Any CPU.Build.0 = Release|Any CPU
	EndGlobalSection
	GlobalSection(SolutionProperties) = preSolution
		HideSolutionNode = FALSE
	EndGlobalSection
	GlobalSection(ExtensibilityGlobals) = postSolution
		SolutionGuid = {1333653D-B348-4ACC-87A3-3FDF87602CE2}
	EndGlobalSection
EndGlobal
